// !$*UTF8*$!
{
	archiveVersion = 1;
	classes = {
	};
	objectVersion = 46;
	objects = {

/* Begin PBXBuildFile section */
		30E7E2AE1624E928006A7DF1 /* UIKit.framework in Frameworks */ = {isa = PBXBuildFile; fileRef = 30E7E2AD1624E928006A7DF1 /* UIKit.framework */; };
		30E7E2B01624E928006A7DF1 /* Foundation.framework in Frameworks */ = {isa = PBXBuildFile; fileRef = 30E7E2AF1624E928006A7DF1 /* Foundation.framework */; };
		30E7E2B21624E928006A7DF1 /* CoreGraphics.framework in Frameworks */ = {isa = PBXBuildFile; fileRef = 30E7E2B11624E928006A7DF1 /* CoreGraphics.framework */; };
		30E7E2B81624E928006A7DF1 /* InfoPlist.strings in Resources */ = {isa = PBXBuildFile; fileRef = 30E7E2B61624E928006A7DF1 /* InfoPlist.strings */; };
		30E7E2BA1624E928006A7DF1 /* main.m in Sources */ = {isa = PBXBuildFile; fileRef = 30E7E2B91624E928006A7DF1 /* main.m */; };
		30E7E2BE1624E928006A7DF1 /* BIDAppDelegate.m in Sources */ = {isa = PBXBuildFile; fileRef = 30E7E2BD1624E928006A7DF1 /* BIDAppDelegate.m */; };
		30E7E2C71624EB39006A7DF1 /* BIDDatePickerViewController.m in Sources */ = {isa = PBXBuildFile; fileRef = 30E7E2C51624EB39006A7DF1 /* BIDDatePickerViewController.m */; };
		30E7E2C81624EB39006A7DF1 /* BIDDatePickerViewController.xib in Resources */ = {isa = PBXBuildFile; fileRef = 30E7E2C61624EB39006A7DF1 /* BIDDatePickerViewController.xib */; };
		30E7E2CC1624EB51006A7DF1 /* BIDSingleComponentPickerViewController.m in Sources */ = {isa = PBXBuildFile; fileRef = 30E7E2CA1624EB51006A7DF1 /* BIDSingleComponentPickerViewController.m */; };
		30E7E2CD1624EB51006A7DF1 /* BIDSingleComponentPickerViewController.xib in Resources */ = {isa = PBXBuildFile; fileRef = 30E7E2CB1624EB51006A7DF1 /* BIDSingleComponentPickerViewController.xib */; };
		30E7E2D11624EB63006A7DF1 /* BIDDoubleComponentPickerViewController.m in Sources */ = {isa = PBXBuildFile; fileRef = 30E7E2CF1624EB63006A7DF1 /* BIDDoubleComponentPickerViewController.m */; };
		30E7E2D21624EB63006A7DF1 /* BIDDoubleComponentPickerViewController.xib in Resources */ = {isa = PBXBuildFile; fileRef = 30E7E2D01624EB63006A7DF1 /* BIDDoubleComponentPickerViewController.xib */; };
		30E7E2D61624EB75006A7DF1 /* BIDDependentComponentPickerViewController.m in Sources */ = {isa = PBXBuildFile; fileRef = 30E7E2D41624EB75006A7DF1 /* BIDDependentComponentPickerViewController.m */; };
		30E7E2D71624EB75006A7DF1 /* BIDDependentComponentPickerViewController.xib in Resources */ = {isa = PBXBuildFile; fileRef = 30E7E2D51624EB75006A7DF1 /* BIDDependentComponentPickerViewController.xib */; };
		30E7E2DB1624EB87006A7DF1 /* BIDCustomPickerViewController.m in Sources */ = {isa = PBXBuildFile; fileRef = 30E7E2D91624EB87006A7DF1 /* BIDCustomPickerViewController.m */; };
		30E7E2DC1624EB87006A7DF1 /* BIDCustomPickerViewController.xib in Resources */ = {isa = PBXBuildFile; fileRef = 30E7E2DA1624EB87006A7DF1 /* BIDCustomPickerViewController.xib */; };
		30E7E2DE1624F15A006A7DF1 /* TabBarController.xib in Resources */ = {isa = PBXBuildFile; fileRef = 30E7E2DD1624F15A006A7DF1 /* TabBarController.xib */; };
/* End PBXBuildFile section */

/* Begin PBXFileReference section */
		30E7E2A91624E928006A7DF1 /* Pickers.app */ = {isa = PBXFileReference; explicitFileType = wrapper.application; includeInIndex = 0; path = Pickers.app; sourceTree = BUILT_PRODUCTS_DIR; };
		30E7E2AD1624E928006A7DF1 /* UIKit.framework */ = {isa = PBXFileReference; lastKnownFileType = wrapper.framework; name = UIKit.framework; path = System/Library/Frameworks/UIKit.framework; sourceTree = SDKROOT; };
		30E7E2AF1624E928006A7DF1 /* Foundation.framework */ = {isa = PBXFileReference; lastKnownFileType = wrapper.framework; name = Foundation.framework; path = System/Library/Frameworks/Foundation.framework; sourceTree = SDKROOT; };
		30E7E2B11624E928006A7DF1 /* CoreGraphics.framework */ = {isa = PBXFileReference; lastKnownFileType = wrapper.framework; name = CoreGraphics.framework; path = System/Library/Frameworks/CoreGraphics.framework; sourceTree = SDKROOT; };
		30E7E2B51624E928006A7DF1 /* Pickers-Info.plist */ = {isa = PBXFileReference; lastKnownFileType = text.plist.xml; path = "Pickers-Info.plist"; sourceTree = "<group>"; };
		30E7E2B71624E928006A7DF1 /* en */ = {isa = PBXFileReference; lastKnownFileType = text.plist.strings; name = en; path = en.lproj/InfoPlist.strings; sourceTree = "<group>"; };
		30E7E2B91624E928006A7DF1 /* main.m */ = {isa = PBXFileReference; lastKnownFileType = sourcecode.c.objc; path = main.m; sourceTree = "<group>"; };
		30E7E2BB1624E928006A7DF1 /* Pickers-Prefix.pch */ = {isa = PBXFileReference; lastKnownFileType = sourcecode.c.h; path = "Pickers-Prefix.pch"; sourceTree = "<group>"; };
		30E7E2BC1624E928006A7DF1 /* BIDAppDelegate.h */ = {isa = PBXFileReference; lastKnownFileType = sourcecode.c.h; path = BIDAppDelegate.h; sourceTree = "<group>"; };
		30E7E2BD1624E928006A7DF1 /* BIDAppDelegate.m */ = {isa = PBXFileReference; lastKnownFileType = sourcecode.c.objc; path = BIDAppDelegate.m; sourceTree = "<group>"; };
		30E7E2C41624EB39006A7DF1 /* BIDDatePickerViewController.h */ = {isa = PBXFileReference; fileEncoding = 4; lastKnownFileType = sourcecode.c.h; path = BIDDatePickerViewController.h; sourceTree = "<group>"; };
		30E7E2C51624EB39006A7DF1 /* BIDDatePickerViewController.m */ = {isa = PBXFileReference; fileEncoding = 4; lastKnownFileType = sourcecode.c.objc; path = BIDDatePickerViewController.m; sourceTree = "<group>"; };
		30E7E2C61624EB39006A7DF1 /* BIDDatePickerViewController.xib */ = {isa = PBXFileReference; fileEncoding = 4; lastKnownFileType = file.xib; path = BIDDatePickerViewController.xib; sourceTree = "<group>"; };
		30E7E2C91624EB51006A7DF1 /* BIDSingleComponentPickerViewController.h */ = {isa = PBXFileReference; fileEncoding = 4; lastKnownFileType = sourcecode.c.h; path = BIDSingleComponentPickerViewController.h; sourceTree = "<group>"; };
		30E7E2CA1624EB51006A7DF1 /* BIDSingleComponentPickerViewController.m */ = {isa = PBXFileReference; fileEncoding = 4; lastKnownFileType = sourcecode.c.objc; path = BIDSingleComponentPickerViewController.m; sourceTree = "<group>"; };
		30E7E2CB1624EB51006A7DF1 /* BIDSingleComponentPickerViewController.xib */ = {isa = PBXFileReference; fileEncoding = 4; lastKnownFileType = file.xib; path = BIDSingleComponentPickerViewController.xib; sourceTree = "<group>"; };
		30E7E2CE1624EB63006A7DF1 /* BIDDoubleComponentPickerViewController.h */ = {isa = PBXFileReference; fileEncoding = 4; lastKnownFileType = sourcecode.c.h; path = BIDDoubleComponentPickerViewController.h; sourceTree = "<group>"; };
		30E7E2CF1624EB63006A7DF1 /* BIDDoubleComponentPickerViewController.m */ = {isa = PBXFileReference; fileEncoding = 4; lastKnownFileType = sourcecode.c.objc; path = BIDDoubleComponentPickerViewController.m; sourceTree = "<group>"; };
		30E7E2D01624EB63006A7DF1 /* BIDDoubleComponentPickerViewController.xib */ = {isa = PBXFileReference; fileEncoding = 4; lastKnownFileType = file.xib; path = BIDDoubleComponentPickerViewController.xib; sourceTree = "<group>"; };
		30E7E2D31624EB75006A7DF1 /* BIDDependentComponentPickerViewController.h */ = {isa = PBXFileReference; fileEncoding = 4; lastKnownFileType = sourcecode.c.h; path = BIDDependentComponentPickerViewController.h; sourceTree = "<group>"; };
		30E7E2D41624EB75006A7DF1 /* BIDDependentComponentPickerViewController.m */ = {isa = PBXFileReference; fileEncoding = 4; lastKnownFileType = sourcecode.c.objc; path = BIDDependentComponentPickerViewController.m; sourceTree = "<group>"; };
		30E7E2D51624EB75006A7DF1 /* BIDDependentComponentPickerViewController.xib */ = {isa = PBXFileReference; fileEncoding = 4; lastKnownFileType = file.xib; path = BIDDependentComponentPickerViewController.xib; sourceTree = "<group>"; };
		30E7E2D81624EB87006A7DF1 /* BIDCustomPickerViewController.h */ = {isa = PBXFileReference; fileEncoding = 4; lastKnownFileType = sourcecode.c.h; path = BIDCustomPickerViewController.h; sourceTree = "<group>"; };
		30E7E2D91624EB87006A7DF1 /* BIDCustomPickerViewController.m */ = {isa = PBXFileReference; fileEncoding = 4; lastKnownFileType = sourcecode.c.objc; path = BIDCustomPickerViewController.m; sourceTree = "<group>"; };
		30E7E2DA1624EB87006A7DF1 /* BIDCustomPickerViewController.xib */ = {isa = PBXFileReference; fileEncoding = 4; lastKnownFileType = file.xib; path = BIDCustomPickerViewController.xib; sourceTree = "<group>"; };
		30E7E2DD1624F15A006A7DF1 /* TabBarController.xib */ = {isa = PBXFileReference; fileEncoding = 4; lastKnownFileType = file.xib; path = TabBarController.xib; sourceTree = "<group>"; };
/* End PBXFileReference section */

/* Begin PBXFrameworksBuildPhase section */
		30E7E2A61624E928006A7DF1 /* Frameworks */ = {
			isa = PBXFrameworksBuildPhase;
			buildActionMask = 2147483647;
			files = (
				30E7E2AE1624E928006A7DF1 /* UIKit.framework in Frameworks */,
				30E7E2B01624E928006A7DF1 /* Foundation.framework in Frameworks */,
				30E7E2B21624E928006A7DF1 /* CoreGraphics.framework in Frameworks */,
			);
			runOnlyForDeploymentPostprocessing = 0;
		};
/* End PBXFrameworksBuildPhase section */

/* Begin PBXGroup section */
		30E7E29E1624E928006A7DF1 = {
			isa = PBXGroup;
			children = (
				30E7E2B31624E928006A7DF1 /* Pickers */,
				30E7E2AC1624E928006A7DF1 /* Frameworks */,
				30E7E2AA1624E928006A7DF1 /* Products */,
			);
			sourceTree = "<group>";
		};
		30E7E2AA1624E928006A7DF1 /* Products */ = {
			isa = PBXGroup;
			children = (
				30E7E2A91624E928006A7DF1 /* Pickers.app */,
			);
			name = Products;
			sourceTree = "<group>";
		};
		30E7E2AC1624E928006A7DF1 /* Frameworks */ = {
			isa = PBXGroup;
			children = (
				30E7E2AD1624E928006A7DF1 /* UIKit.framework */,
				30E7E2AF1624E928006A7DF1 /* Foundation.framework */,
				30E7E2B11624E928006A7DF1 /* CoreGraphics.framework */,
			);
			name = Frameworks;
			sourceTree = "<group>";
		};
		30E7E2B31624E928006A7DF1 /* Pickers */ = {
			isa = PBXGroup;
			children = (
				30E7E2C41624EB39006A7DF1 /* BIDDatePickerViewController.h */,
				30E7E2C51624EB39006A7DF1 /* BIDDatePickerViewController.m */,
				30E7E2C61624EB39006A7DF1 /* BIDDatePickerViewController.xib */,
				30E7E2C91624EB51006A7DF1 /* BIDSingleComponentPickerViewController.h */,
				30E7E2CA1624EB51006A7DF1 /* BIDSingleComponentPickerViewController.m */,
				30E7E2CB1624EB51006A7DF1 /* BIDSingleComponentPickerViewController.xib */,
				30E7E2CE1624EB63006A7DF1 /* BIDDoubleComponentPickerViewController.h */,
				30E7E2CF1624EB63006A7DF1 /* BIDDoubleComponentPickerViewController.m */,
				30E7E2D01624EB63006A7DF1 /* BIDDoubleComponentPickerViewController.xib */,
				30E7E2D31624EB75006A7DF1 /* BIDDependentComponentPickerViewController.h */,
				30E7E2D41624EB75006A7DF1 /* BIDDependentComponentPickerViewController.m */,
				30E7E2D51624EB75006A7DF1 /* BIDDependentComponentPickerViewController.xib */,
				30E7E2D81624EB87006A7DF1 /* BIDCustomPickerViewController.h */,
				30E7E2D91624EB87006A7DF1 /* BIDCustomPickerViewController.m */,
				30E7E2DA1624EB87006A7DF1 /* BIDCustomPickerViewController.xib */,
				30E7E2BC1624E928006A7DF1 /* BIDAppDelegate.h */,
				30E7E2BD1624E928006A7DF1 /* BIDAppDelegate.m */,
				30E7E2B41624E928006A7DF1 /* Supporting Files */,
				30E7E2DD1624F15A006A7DF1 /* TabBarController.xib */,
			);
			path = Pickers;
			sourceTree = "<group>";
		};
		30E7E2B41624E928006A7DF1 /* Supporting Files */ = {
			isa = PBXGroup;
			children = (
				30E7E2B51624E928006A7DF1 /* Pickers-Info.plist */,
				30E7E2B61624E928006A7DF1 /* InfoPlist.strings */,
				30E7E2B91624E928006A7DF1 /* main.m */,
				30E7E2BB1624E928006A7DF1 /* Pickers-Prefix.pch */,
			);
			name = "Supporting Files";
			sourceTree = "<group>";
		};
/* End PBXGroup section */

/* Begin PBXNativeTarget section */
		30E7E2A81624E928006A7DF1 /* Pickers */ = {
			isa = PBXNativeTarget;
			buildConfigurationList = 30E7E2C11624E928006A7DF1 /* Build configuration list for PBXNativeTarget "Pickers" */;
			buildPhases = (
				30E7E2A51624E928006A7DF1 /* Sources */,
				30E7E2A61624E928006A7DF1 /* Frameworks */,
				30E7E2A71624E928006A7DF1 /* Resources */,
			);
			buildRules = (
			);
			dependencies = (
			);
			name = Pickers;
			productName = Pickers;
			productReference = 30E7E2A91624E928006A7DF1 /* Pickers.app */;
			productType = "com.apple.product-type.application";
		};
/* End PBXNativeTarget section */

/* Begin PBXProject section */
		30E7E2A01624E928006A7DF1 /* Project object */ = {
			isa = PBXProject;
			attributes = {
				CLASSPREFIX = BID;
				LastUpgradeCheck = 0440;
				ORGANIZATIONNAME = URI;
			};
			buildConfigurationList = 30E7E2A31624E928006A7DF1 /* Build configuration list for PBXProject "Pickers" */;
			compatibilityVersion = "Xcode 3.2";
			developmentRegion = English;
			hasScannedForEncodings = 0;
			knownRegions = (
				en,
			);
			mainGroup = 30E7E29E1624E928006A7DF1;
			productRefGroup = 30E7E2AA1624E928006A7DF1 /* Products */;
			projectDirPath = "";
			projectRoot = "";
			targets = (
				30E7E2A81624E928006A7DF1 /* Pickers */,
			);
		};
/* End PBXProject section */

/* Begin PBXResourcesBuildPhase section */
		30E7E2A71624E928006A7DF1 /* Resources */ = {
			isa = PBXResourcesBuildPhase;
			buildActionMask = 2147483647;
			files = (
				30E7E2B81624E928006A7DF1 /* InfoPlist.strings in Resources */,
				30E7E2C81624EB39006A7DF1 /* BIDDatePickerViewController.xib in Resources */,
				30E7E2CD1624EB51006A7DF1 /* BIDSingleComponentPickerViewController.xib in Resources */,
				30E7E2D21624EB63006A7DF1 /* BIDDoubleComponentPickerViewController.xib in Resources */,
				30E7E2D71624EB75006A7DF1 /* BIDDependentComponentPickerViewController.xib in Resources */,
				30E7E2DC1624EB87006A7DF1 /* BIDCustomPickerViewController.xib in Resources */,
				30E7E2DE1624F15A006A7DF1 /* TabBarController.xib in Resources */,
			);
			runOnlyForDeploymentPostprocessing = 0;
		};
/* End PBXResourcesBuildPhase section */

/* Begin PBXSourcesBuildPhase section */
		30E7E2A51624E928006A7DF1 /* Sources */ = {
			isa = PBXSourcesBuildPhase;
			buildActionMask = 2147483647;
			files = (
				30E7E2BA1624E928006A7DF1 /* main.m in Sources */,
				30E7E2BE1624E928006A7DF1 /* BIDAppDelegate.m in Sources */,
				30E7E2C71624EB39006A7DF1 /* BIDDatePickerViewController.m in Sources */,
				30E7E2CC1624EB51006A7DF1 /* BIDSingleComponentPickerViewController.m in Sources */,
				30E7E2D11624EB63006A7DF1 /* BIDDoubleComponentPickerViewController.m in Sources */,
				30E7E2D61624EB75006A7DF1 /* BIDDependentComponentPickerViewController.m in Sources */,
				30E7E2DB1624EB87006A7DF1 /* BIDCustomPickerViewController.m in Sources */,
			);
			runOnlyForDeploymentPostprocessing = 0;
		};
/* End PBXSourcesBuildPhase section */

/* Begin PBXVariantGroup section */
		30E7E2B61624E928006A7DF1 /* InfoPlist.strings */ = {
			isa = PBXVariantGroup;
			children = (
				30E7E2B71624E928006A7DF1 /* en */,
			);
			name = InfoPlist.strings;
			sourceTree = "<group>";
		};
/* End PBXVariantGroup section */

/* Begin XCBuildConfiguration section */
		30E7E2BF1624E928006A7DF1 /* Debug */ = {
			isa = XCBuildConfiguration;
			buildSettings = {
				ALWAYS_SEARCH_USER_PATHS = NO;
				ARCHS = "$(ARCHS_STANDARD_32_BIT)";
				CLANG_CXX_LANGUAGE_STANDARD = "gnu++0x";
				CLANG_ENABLE_OBJC_ARC = YES;
				CLANG_WARN__DUPLICATE_METHOD_MATCH = YES;
				"CODE_SIGN_IDENTITY[sdk=iphoneos*]" = "iPhone Developer";
				COPY_PHASE_STRIP = NO;
				GCC_C_LANGUAGE_STANDARD = gnu99;
				GCC_DYNAMIC_NO_PIC = NO;
				GCC_OPTIMIZATION_LEVEL = 0;
				GCC_PREPROCESSOR_DEFINITIONS = (
					"DEBUG=1",
					"$(inherited)",
				);
				GCC_SYMBOLS_PRIVATE_EXTERN = NO;
				GCC_VERSION = com.apple.compilers.llvm.clang.1_0;
				GCC_WARN_ABOUT_RETURN_TYPE = YES;
				GCC_WARN_UNINITIALIZED_AUTOS = YES;
				GCC_WARN_UNUSED_VARIABLE = YES;
				IPHONEOS_DEPLOYMENT_TARGET = 5.1;
				SDKROOT = iphoneos;
			};
			name = Debug;
		};
		30E7E2C01624E928006A7DF1 /* Release */ = {
			isa = XCBuildConfiguration;
			buildSettings = {
				ALWAYS_SEARCH_USER_PATHS = NO;
				ARCHS = "$(ARCHS_STANDARD_32_BIT)";
				CLANG_CXX_LANGUAGE_STANDARD = "gnu++0x";
				CLANG_ENABLE_OBJC_ARC = YES;
				CLANG_WARN__DUPLICATE_METHOD_MATCH = YES;
				"CODE_SIGN_IDENTITY[sdk=iphoneos*]" = "iPhone Developer";
				COPY_PHASE_STRIP = YES;
				GCC_C_LANGUAGE_STANDARD = gnu99;
				GCC_VERSION = com.apple.compilers.llvm.clang.1_0;
				GCC_WARN_ABOUT_RETURN_TYPE = YES;
				GCC_WARN_UNINITIALIZED_AUTOS = YES;
				GCC_WARN_UNUSED_VARIABLE = YES;
				IPHONEOS_DEPLOYMENT_TARGET = 5.1;
				OTHER_CFLAGS = "-DNS_BLOCK_ASSERTIONS=1";
				SDKROOT = iphoneos;
				VALIDATE_PRODUCT = YES;
			};
			name = Release;
		};
		30E7E2C21624E928006A7DF1 /* Debug */ = {
			isa = XCBuildConfiguration;
			buildSettings = {
				GCC_PRECOMPILE_PREFIX_HEADER = YES;
				GCC_PREFIX_HEADER = "Pickers/Pickers-Prefix.pch";
				INFOPLIST_FILE = "Pickers/Pickers-Info.plist";
				PRODUCT_NAME = "$(TARGET_NAME)";
				WRAPPER_EXTENSION = app;
			};
			name = Debug;
		};
		30E7E2C31624E928006A7DF1 /* Release */ = {
			isa = XCBuildConfiguration;
			buildSettings = {
				GCC_PRECOMPILE_PREFIX_HEADER = YES;
				GCC_PREFIX_HEADER = "Pickers/Pickers-Prefix.pch";
				INFOPLIST_FILE = "Pickers/Pickers-Info.plist";
				PRODUCT_NAME = "$(TARGET_NAME)";
				WRAPPER_EXTENSION = app;
			};
			name = Release;
		};
/* End XCBuildConfiguration section */

/* Begin XCConfigurationList section */
		30E7E2A31624E928006A7DF1 /* Build configuration list for PBXProject "Pickers" */ = {
			isa = XCConfigurationList;
			buildConfigurations = (
				30E7E2BF1624E928006A7DF1 /* Debug */,
				30E7E2C01624E928006A7DF1 /* Release */,
			);
			defaultConfigurationIsVisible = 0;
			defaultConfigurationName = Release;
		};
		30E7E2C11624E928006A7DF1 /* Build configuration list for PBXNativeTarget "Pickers" */ = {
			isa = XCConfigurationList;
			buildConfigurations = (
				30E7E2C21624E928006A7DF1 /* Debug */,
				30E7E2C31624E928006A7DF1 /* Release */,
			);
			defaultConfigurationIsVisible = 0;
		};
/* End XCConfigurationList section */
	};
	rootObject = 30E7E2A01624E928006A7DF1 /* Project object */;
}
